
Microsoft Visual Studio Solution File, Format Version 12.00
# Visual Studio 15
Project("{FAE04EC0-301F-11D3-BF4B-00C04F79EFBC}") = "RefitMVVM.Android", "RefitMVVM.Android\RefitMVVM.Android.csproj", "{37CA2B38-5ADE-4A69-BCAD-8116FCB3F6FB}"
EndProject
Project("{FAE04EC0-301F-11D3-BF4B-00C04F79EFBC}") = "RefitMVVM.iOS", "RefitMVVM.iOS\RefitMVVM.iOS.csproj", "{891C6830-2858-402F-B9F5-F05EBDFC5316}"
EndProject
Project("{FAE04EC0-301F-11D3-BF4B-00C04F79EFBC}") = "RefitMVVM", "RefitMVVM\RefitMVVM.csproj", "{333D66EC-E877-4BB7-9158-D9E2ECBDAEDC}"
EndProject
Global
	GlobalSection(SolutionConfigurationPlatforms) = preSolution
		Debug|Any CPU = Debug|Any CPU
		Release|Any CPU = Release|Any CPU
		Debug|iPhoneSimulator = Debug|iPhoneSimulator
		Release|iPhoneSimulator = Release|iPhoneSimulator
		Debug|iPhone = Debug|iPhone
		Release|iPhone = Release|iPhone
	EndGlobalSection
	GlobalSection(ProjectConfigurationPlatforms) = postSolution
		{37CA2B38-5ADE-4A69-BCAD-8116FCB3F6FB}.Debug|Any CPU.ActiveCfg = Debug|Any CPU
		{37CA2B38-5ADE-4A69-BCAD-8116FCB3F6FB}.Debug|Any CPU.Build.0 = Debug|Any CPU
		{37CA2B38-5ADE-4A69-BCAD-8116FCB3F6FB}.Release|Any CPU.ActiveCfg = Release|Any CPU
		{37CA2B38-5ADE-4A69-BCAD-8116FCB3F6FB}.Release|Any CPU.Build.0 = Release|Any CPU
		{37CA2B38-5ADE-4A69-BCAD-8116FCB3F6FB}.Debug|iPhoneSimulator.ActiveCfg = Debug|Any CPU
		{37CA2B38-5ADE-4A69-BCAD-8116FCB3F6FB}.Debug|iPhoneSimulator.Build.0 = Debug|Any CPU
		{37CA2B38-5ADE-4A69-BCAD-8116FCB3F6FB}.Release|iPhoneSimulator.ActiveCfg = Release|Any CPU
		{37CA2B38-5ADE-4A69-BCAD-8116FCB3F6FB}.Release|iPhoneSimulator.Build.0 = Release|Any CPU
		{37CA2B38-5ADE-4A69-BCAD-8116FCB3F6FB}.Debug|iPhone.ActiveCfg = Debug|Any CPU
		{37CA2B38-5ADE-4A69-BCAD-8116FCB3F6FB}.Debug|iPhone.Build.0 = Debug|Any CPU
		{37CA2B38-5ADE-4A69-BCAD-8116FCB3F6FB}.Release|iPhone.ActiveCfg = Release|Any CPU
		{37CA2B38-5ADE-4A69-BCAD-8116FCB3F6FB}.Release|iPhone.Build.0 = Release|Any CPU
		{891C6830-2858-402F-B9F5-F05EBDFC5316}.Debug|Any CPU.ActiveCfg = Debug|iPhoneSimulator
		{891C6830-2858-402F-B9F5-F05EBDFC5316}.Debug|Any CPU.Build.0 = Debug|iPhoneSimulator
		{891C6830-2858-402F-B9F5-F05EBDFC5316}.Release|Any CPU.ActiveCfg = Release|iPhoneSimulator
		{891C6830-2858-402F-B9F5-F05EBDFC5316}.Release|Any CPU.Build.0 = Release|iPhoneSimulator
		{891C6830-2858-402F-B9F5-F05EBDFC5316}.Debug|iPhoneSimulator.ActiveCfg = Debug|iPhoneSimulator
		{891C6830-2858-402F-B9F5-F05EBDFC5316}.Debug|iPhoneSimulator.Build.0 = Debug|iPhoneSimulator
		{891C6830-2858-402F-B9F5-F05EBDFC5316}.Release|iPhoneSimulator.ActiveCfg = Release|iPhoneSimulator
		{891C6830-2858-402F-B9F5-F05EBDFC5316}.Release|iPhoneSimulator.Build.0 = Release|iPhoneSimulator
		{891C6830-2858-402F-B9F5-F05EBDFC5316}.Debug|iPhone.ActiveCfg = Debug|iPhone
		{891C6830-2858-402F-B9F5-F05EBDFC5316}.Debug|iPhone.Build.0 = Debug|iPhone
		{891C6830-2858-402F-B9F5-F05EBDFC5316}.Release|iPhone.ActiveCfg = Release|iPhone
		{891C6830-2858-402F-B9F5-F05EBDFC5316}.Release|iPhone.Build.0 = Release|iPhone
		{333D66EC-E877-4BB7-9158-D9E2ECBDAEDC}.Debug|Any CPU.ActiveCfg = Debug|Any CPU
		{333D66EC-E877-4BB7-9158-D9E2ECBDAEDC}.Debug|Any CPU.Build.0 = Debug|Any CPU
		{333D66EC-E877-4BB7-9158-D9E2ECBDAEDC}.Release|Any CPU.ActiveCfg = Release|Any CPU
		{333D66EC-E877-4BB7-9158-D9E2ECBDAEDC}.Release|Any CPU.Build.0 = Release|Any CPU
		{333D66EC-E877-4BB7-9158-D9E2ECBDAEDC}.Debug|iPhoneSimulator.ActiveCfg = Debug|Any CPU
		{333D66EC-E877-4BB7-9158-D9E2ECBDAEDC}.Debug|iPhoneSimulator.Build.0 = Debug|Any CPU
		{333D66EC-E877-4BB7-9158-D9E2ECBDAEDC}.Release|iPhoneSimulator.ActiveCfg = Release|Any CPU
		{333D66EC-E877-4BB7-9158-D9E2ECBDAEDC}.Release|iPhoneSimulator.Build.0 = Release|Any CPU
		{333D66EC-E877-4BB7-9158-D9E2ECBDAEDC}.Debug|iPhone.ActiveCfg = Debug|Any CPU
		{333D66EC-E877-4BB7-9158-D9E2ECBDAEDC}.Debug|iPhone.Build.0 = Debug|Any CPU
		{333D66EC-E877-4BB7-9158-D9E2ECBDAEDC}.Release|iPhone.ActiveCfg = Release|Any CPU
		{333D66EC-E877-4BB7-9158-D9E2ECBDAEDC}.Release|iPhone.Build.0 = Release|Any CPU
	EndGlobalSection
EndGlobal
